
Microsoft Visual Studio Solution File, Format Version 12.00
# Visual Studio Version 16
VisualStudioVersion = 16.0.32802.440
MinimumVisualStudioVersion = 10.0.40219.1
Project("{FAE04EC0-301F-11D3-BF4B-00C04F79EFBC}") = "DBFirstCrud", "DBFirstCrud\DBFirstCrud.csproj", "{CE6F3F1D-50F0-4C28-ADF6-CF9E16DFBE13}"
EndProject
Global
	GlobalSection(SolutionConfigurationPlatforms) = preSolution
		Debug|Any CPU = Debug|Any CPU
		Release|Any CPU = Release|Any CPU
	EndGlobalSection
	GlobalSection(ProjectConfigurationPlatforms) = postSolution
		{CE6F3F1D-50F0-4C28-ADF6-CF9E16DFBE13}.Debug|Any CPU.ActiveCfg = Debug|Any CPU
		{CE6F3F1D-50F0-4C28-ADF6-CF9E16DFBE13}.Debug|Any CPU.Build.0 = Debug|Any CPU
		{CE6F3F1D-50F0-4C28-ADF6-CF9E16DFBE13}.Release|Any CPU.ActiveCfg = Release|Any CPU
		{CE6F3F1D-50F0-4C28-ADF6-CF9E16DFBE13}.Release|Any CPU.Build.0 = Release|Any CPU
	EndGlobalSection
	GlobalSection(SolutionProperties) = preSolution
		HideSolutionNode = FALSE
	EndGlobalSection
	GlobalSection(ExtensibilityGlobals) = postSolution
		SolutionGuid = {991F6EE9-FAFA-4432-A4D4-897E3BA21A6F}
	EndGlobalSection
EndGlobal
